
Microsoft Visual Studio Solution File, Format Version 12.00
# Visual Studio Version 16
VisualStudioVersion = 16.0.30503.244
MinimumVisualStudioVersion = 10.0.40219.1
Project("{9A19103F-16F7-4668-BE54-9A1E7A4F7556}") = "IndianStateCensusAnalyser", "IndianStateCensusAnalyser\IndianStateCensusAnalyser.csproj", "{801E728C-594B-4542-9349-E3FB4B0F8499}"
EndProject
Project("{FAE04EC0-301F-11D3-BF4B-00C04F79EFBC}") = "CensusAnalyserTest", "CensusAnalyserTest\CensusAnalyserTest.csproj", "{5C7F66ED-75C7-42A7-BFED-147F982216E1}"
EndProject
Global
	GlobalSection(SolutionConfigurationPlatforms) = preSolution
		Debug|Any CPU = Debug|Any CPU
		Release|Any CPU = Release|Any CPU
	EndGlobalSection
	GlobalSection(ProjectConfigurationPlatforms) = postSolution
		{801E728C-594B-4542-9349-E3FB4B0F8499}.Debug|Any CPU.ActiveCfg = Debug|Any CPU
		{801E728C-594B-4542-9349-E3FB4B0F8499}.Debug|Any CPU.Build.0 = Debug|Any CPU
		{801E728C-594B-4542-9349-E3FB4B0F8499}.Release|Any CPU.ActiveCfg = Release|Any CPU
		{801E728C-594B-4542-9349-E3FB4B0F8499}.Release|Any CPU.Build.0 = Release|Any CPU
		{5C7F66ED-75C7-42A7-BFED-147F982216E1}.Debug|Any CPU.ActiveCfg = Debug|Any CPU
		{5C7F66ED-75C7-42A7-BFED-147F982216E1}.Debug|Any CPU.Build.0 = Debug|Any CPU
		{5C7F66ED-75C7-42A7-BFED-147F982216E1}.Release|Any CPU.ActiveCfg = Release|Any CPU
		{5C7F66ED-75C7-42A7-BFED-147F982216E1}.Release|Any CPU.Build.0 = Release|Any CPU
	EndGlobalSection
	GlobalSection(SolutionProperties) = preSolution
		HideSolutionNode = FALSE
	EndGlobalSection
	GlobalSection(ExtensibilityGlobals) = postSolution
		SolutionGuid = {A46095BA-573F-4695-AD0C-2078580B5952}
	EndGlobalSection
EndGlobal
